// !$*UTF8*$!
{
	archiveVersion = 1;
	classes = {
	};
	objectVersion = 56;
	objects = {

/* Begin PBXBuildFile section */
		D0B6EE4E2B7929FA00155B34 /* ItemCell.swift in Sources */ = {isa = PBXBuildFile; fileRef = D0B6EE4D2B7929FA00155B34 /* ItemCell.swift */; };
		D0DD300A2B7DA9F300DA4F74 /* RecordItem+CoreDataClass.swift in Sources */ = {isa = PBXBuildFile; fileRef = D0DD30062B7DA9F300DA4F74 /* RecordItem+CoreDataClass.swift */; };
		D0DD300B2B7DA9F300DA4F74 /* RecordItem+CoreDataProperties.swift in Sources */ = {isa = PBXBuildFile; fileRef = D0DD30072B7DA9F300DA4F74 /* RecordItem+CoreDataProperties.swift */; };
		D0DD300C2B7DA9F300DA4F74 /* CategoryItem+CoreDataClass.swift in Sources */ = {isa = PBXBuildFile; fileRef = D0DD30082B7DA9F300DA4F74 /* CategoryItem+CoreDataClass.swift */; };
		D0DD300D2B7DA9F300DA4F74 /* CategoryItem+CoreDataProperties.swift in Sources */ = {isa = PBXBuildFile; fileRef = D0DD30092B7DA9F300DA4F74 /* CategoryItem+CoreDataProperties.swift */; };
		D0F7C14E2B6EAF280024A016 /* AppDelegate.swift in Sources */ = {isa = PBXBuildFile; fileRef = D0F7C14D2B6EAF280024A016 /* AppDelegate.swift */; };
		D0F7C1502B6EAF280024A016 /* SceneDelegate.swift in Sources */ = {isa = PBXBuildFile; fileRef = D0F7C14F2B6EAF280024A016 /* SceneDelegate.swift */; };
		D0F7C1522B6EAF280024A016 /* CaterotyViewController.swift in Sources */ = {isa = PBXBuildFile; fileRef = D0F7C1512B6EAF280024A016 /* CaterotyViewController.swift */; };
		D0F7C1582B6EAF280024A016 /* Food_Calculus.xcdatamodeld in Sources */ = {isa = PBXBuildFile; fileRef = D0F7C1562B6EAF280024A016 /* Food_Calculus.xcdatamodeld */; };
		D0F7C15A2B6EAF290024A016 /* Assets.xcassets in Resources */ = {isa = PBXBuildFile; fileRef = D0F7C1592B6EAF290024A016 /* Assets.xcassets */; };
		D0F7C15D2B6EAF290024A016 /* LaunchScreen.storyboard in Resources */ = {isa = PBXBuildFile; fileRef = D0F7C15B2B6EAF290024A016 /* LaunchScreen.storyboard */; };
		D0F7C1682B6EAF290024A016 /* Food_CalculusTests.swift in Sources */ = {isa = PBXBuildFile; fileRef = D0F7C1672B6EAF290024A016 /* Food_CalculusTests.swift */; };
		D0F7C1722B6EAF290024A016 /* Food_CalculusUITests.swift in Sources */ = {isa = PBXBuildFile; fileRef = D0F7C1712B6EAF290024A016 /* Food_CalculusUITests.swift */; };
		D0F7C1742B6EAF290024A016 /* Food_CalculusUITestsLaunchTests.swift in Sources */ = {isa = PBXBuildFile; fileRef = D0F7C1732B6EAF290024A016 /* Food_CalculusUITestsLaunchTests.swift */; };
		D0F7C1812B6F6AD60024A016 /* CategoryCell.swift in Sources */ = {isa = PBXBuildFile; fileRef = D0F7C1802B6F6AD60024A016 /* CategoryCell.swift */; };
		D0F7C1852B70896E0024A016 /* ItemsViewController.swift in Sources */ = {isa = PBXBuildFile; fileRef = D0F7C1842B70896E0024A016 /* ItemsViewController.swift */; };
		D0F7C1872B71C87A0024A016 /* DetailSheetViewController.swift in Sources */ = {isa = PBXBuildFile; fileRef = D0F7C1862B71C87A0024A016 /* DetailSheetViewController.swift */; };
		D0F7C18A2B7323670024A016 /* IQKeyboardManagerSwift in Frameworks */ = {isa = PBXBuildFile; productRef = D0F7C1892B7323670024A016 /* IQKeyboardManagerSwift */; };
/* End PBXBuildFile section */

/* Begin PBXContainerItemProxy section */
		D0F7C1642B6EAF290024A016 /* PBXContainerItemProxy */ = {
			isa = PBXContainerItemProxy;
			containerPortal = D0F7C1422B6EAF280024A016 /* Project object */;
			proxyType = 1;
			remoteGlobalIDString = D0F7C1492B6EAF280024A016;
			remoteInfo = "Food Calculus";
		};
		D0F7C16E2B6EAF290024A016 /* PBXContainerItemProxy */ = {
			isa = PBXContainerItemProxy;
			containerPortal = D0F7C1422B6EAF280024A016 /* Project object */;
			proxyType = 1;
			remoteGlobalIDString = D0F7C1492B6EAF280024A016;
			remoteInfo = "Food Calculus";
		};
/* End PBXContainerItemProxy section */

/* Begin PBXFileReference section */
		D0B6EE4D2B7929FA00155B34 /* ItemCell.swift */ = {isa = PBXFileReference; lastKnownFileType = sourcecode.swift; path = ItemCell.swift; sourceTree = "<group>"; };
		D0DD30062B7DA9F300DA4F74 /* RecordItem+CoreDataClass.swift */ = {isa = PBXFileReference; lastKnownFileType = sourcecode.swift; path = "RecordItem+CoreDataClass.swift"; sourceTree = "<group>"; };
		D0DD30072B7DA9F300DA4F74 /* RecordItem+CoreDataProperties.swift */ = {isa = PBXFileReference; lastKnownFileType = sourcecode.swift; path = "RecordItem+CoreDataProperties.swift"; sourceTree = "<group>"; };
		D0DD30082B7DA9F300DA4F74 /* CategoryItem+CoreDataClass.swift */ = {isa = PBXFileReference; lastKnownFileType = sourcecode.swift; path = "CategoryItem+CoreDataClass.swift"; sourceTree = "<group>"; };
		D0DD30092B7DA9F300DA4F74 /* CategoryItem+CoreDataProperties.swift */ = {isa = PBXFileReference; lastKnownFileType = sourcecode.swift; path = "CategoryItem+CoreDataProperties.swift"; sourceTree = "<group>"; };
		D0F7C14A2B6EAF280024A016 /* Food Calculus.app */ = {isa = PBXFileReference; explicitFileType = wrapper.application; includeInIndex = 0; path = "Food Calculus.app"; sourceTree = BUILT_PRODUCTS_DIR; };
		D0F7C14D2B6EAF280024A016 /* AppDelegate.swift */ = {isa = PBXFileReference; lastKnownFileType = sourcecode.swift; path = AppDelegate.swift; sourceTree = "<group>"; };
		D0F7C14F2B6EAF280024A016 /* SceneDelegate.swift */ = {isa = PBXFileReference; lastKnownFileType = sourcecode.swift; path = SceneDelegate.swift; sourceTree = "<group>"; };
		D0F7C1512B6EAF280024A016 /* CaterotyViewController.swift */ = {isa = PBXFileReference; lastKnownFileType = sourcecode.swift; path = CaterotyViewController.swift; sourceTree = "<group>"; };
		D0F7C1572B6EAF280024A016 /* Food_Calculus.xcdatamodel */ = {isa = PBXFileReference; lastKnownFileType = wrapper.xcdatamodel; path = Food_Calculus.xcdatamodel; sourceTree = "<group>"; };
		D0F7C1592B6EAF290024A016 /* Assets.xcassets */ = {isa = PBXFileReference; lastKnownFileType = folder.assetcatalog; path = Assets.xcassets; sourceTree = "<group>"; };
		D0F7C15C2B6EAF290024A016 /* Base */ = {isa = PBXFileReference; lastKnownFileType = file.storyboard; name = Base; path = Base.lproj/LaunchScreen.storyboard; sourceTree = "<group>"; };
		D0F7C15E2B6EAF290024A016 /* Info.plist */ = {isa = PBXFileReference; lastKnownFileType = text.plist.xml; path = Info.plist; sourceTree = "<group>"; };
		D0F7C1632B6EAF290024A016 /* Food CalculusTests.xctest */ = {isa = PBXFileReference; explicitFileType = wrapper.cfbundle; includeInIndex = 0; path = "Food CalculusTests.xctest"; sourceTree = BUILT_PRODUCTS_DIR; };
		D0F7C1672B6EAF290024A016 /* Food_CalculusTests.swift */ = {isa = PBXFileReference; lastKnownFileType = sourcecode.swift; path = Food_CalculusTests.swift; sourceTree = "<group>"; };
		D0F7C16D2B6EAF290024A016 /* Food CalculusUITests.xctest */ = {isa = PBXFileReference; explicitFileType = wrapper.cfbundle; includeInIndex = 0; path = "Food CalculusUITests.xctest"; sourceTree = BUILT_PRODUCTS_DIR; };
		D0F7C1712B6EAF290024A016 /* Food_CalculusUITests.swift */ = {isa = PBXFileReference; lastKnownFileType = sourcecode.swift; path = Food_CalculusUITests.swift; sourceTree = "<group>"; };
		D0F7C1732B6EAF290024A016 /* Food_CalculusUITestsLaunchTests.swift */ = {isa = PBXFileReference; lastKnownFileType = sourcecode.swift; path = Food_CalculusUITestsLaunchTests.swift; sourceTree = "<group>"; };
		D0F7C1802B6F6AD60024A016 /* CategoryCell.swift */ = {isa = PBXFileReference; lastKnownFileType = sourcecode.swift; path = CategoryCell.swift; sourceTree = "<group>"; };
		D0F7C1842B70896E0024A016 /* ItemsViewController.swift */ = {isa = PBXFileReference; lastKnownFileType = sourcecode.swift; path = ItemsViewController.swift; sourceTree = "<group>"; };
		D0F7C1862B71C87A0024A016 /* DetailSheetViewController.swift */ = {isa = PBXFileReference; lastKnownFileType = sourcecode.swift; path = DetailSheetViewController.swift; sourceTree = "<group>"; };
/* End PBXFileReference section */

/* Begin PBXFrameworksBuildPhase section */
		D0F7C1472B6EAF280024A016 /* Frameworks */ = {
			isa = PBXFrameworksBuildPhase;
			buildActionMask = 2147483647;
			files = (
				D0F7C18A2B7323670024A016 /* IQKeyboardManagerSwift in Frameworks */,
			);
			runOnlyForDeploymentPostprocessing = 0;
		};
		D0F7C1602B6EAF290024A016 /* Frameworks */ = {
			isa = PBXFrameworksBuildPhase;
			buildActionMask = 2147483647;
			files = (
			);
			runOnlyForDeploymentPostprocessing = 0;
		};
		D0F7C16A2B6EAF290024A016 /* Frameworks */ = {
			isa = PBXFrameworksBuildPhase;
			buildActionMask = 2147483647;
			files = (
			);
			runOnlyForDeploymentPostprocessing = 0;
		};
/* End PBXFrameworksBuildPhase section */

/* Begin PBXGroup section */
		D0DD300E2B7DAA0300DA4F74 /* CoreDataEntities */ = {
			isa = PBXGroup;
			children = (
				D0DD30062B7DA9F300DA4F74 /* RecordItem+CoreDataClass.swift */,
				D0DD30072B7DA9F300DA4F74 /* RecordItem+CoreDataProperties.swift */,
				D0DD30082B7DA9F300DA4F74 /* CategoryItem+CoreDataClass.swift */,
				D0DD30092B7DA9F300DA4F74 /* CategoryItem+CoreDataProperties.swift */,
			);
			path = CoreDataEntities;
			sourceTree = "<group>";
		};
		D0F7C1412B6EAF280024A016 = {
			isa = PBXGroup;
			children = (
				D0F7C14C2B6EAF280024A016 /* Food Calculus */,
				D0F7C1662B6EAF290024A016 /* Food CalculusTests */,
				D0F7C1702B6EAF290024A016 /* Food CalculusUITests */,
				D0F7C14B2B6EAF280024A016 /* Products */,
			);
			sourceTree = "<group>";
		};
		D0F7C14B2B6EAF280024A016 /* Products */ = {
			isa = PBXGroup;
			children = (
				D0F7C14A2B6EAF280024A016 /* Food Calculus.app */,
				D0F7C1632B6EAF290024A016 /* Food CalculusTests.xctest */,
				D0F7C16D2B6EAF290024A016 /* Food CalculusUITests.xctest */,
			);
			name = Products;
			sourceTree = "<group>";
		};
		D0F7C14C2B6EAF280024A016 /* Food Calculus */ = {
			isa = PBXGroup;
			children = (
				D0DD300E2B7DAA0300DA4F74 /* CoreDataEntities */,
				D0F7C1822B6F6ADC0024A016 /* Category */,
				D0F7C1832B7089490024A016 /* Items */,
				D0F7C1862B71C87A0024A016 /* DetailSheetViewController.swift */,
				D0F7C14D2B6EAF280024A016 /* AppDelegate.swift */,
				D0F7C14F2B6EAF280024A016 /* SceneDelegate.swift */,
				D0F7C1592B6EAF290024A016 /* Assets.xcassets */,
				D0F7C15B2B6EAF290024A016 /* LaunchScreen.storyboard */,
				D0F7C15E2B6EAF290024A016 /* Info.plist */,
				D0F7C1562B6EAF280024A016 /* Food_Calculus.xcdatamodeld */,
			);
			path = "Food Calculus";
			sourceTree = "<group>";
		};
		D0F7C1662B6EAF290024A016 /* Food CalculusTests */ = {
			isa = PBXGroup;
			children = (
				D0F7C1672B6EAF290024A016 /* Food_CalculusTests.swift */,
			);
			path = "Food CalculusTests";
			sourceTree = "<group>";
		};
		D0F7C1702B6EAF290024A016 /* Food CalculusUITests */ = {
			isa = PBXGroup;
			children = (
				D0F7C1712B6EAF290024A016 /* Food_CalculusUITests.swift */,
				D0F7C1732B6EAF290024A016 /* Food_CalculusUITestsLaunchTests.swift */,
			);
			path = "Food CalculusUITests";
			sourceTree = "<group>";
		};
		D0F7C1822B6F6ADC0024A016 /* Category */ = {
			isa = PBXGroup;
			children = (
				D0F7C1512B6EAF280024A016 /* CaterotyViewController.swift */,
				D0F7C1802B6F6AD60024A016 /* CategoryCell.swift */,
			);
			path = Category;
			sourceTree = "<group>";
		};
		D0F7C1832B7089490024A016 /* Items */ = {
			isa = PBXGroup;
			children = (
				D0F7C1842B70896E0024A016 /* ItemsViewController.swift */,
				D0B6EE4D2B7929FA00155B34 /* ItemCell.swift */,
			);
			path = Items;
			sourceTree = "<group>";
		};
/* End PBXGroup section */

/* Begin PBXNativeTarget section */
		D0F7C1492B6EAF280024A016 /* Food Calculus */ = {
			isa = PBXNativeTarget;
			buildConfigurationList = D0F7C1772B6EAF290024A016 /* Build configuration list for PBXNativeTarget "Food Calculus" */;
			buildPhases = (
				D0F7C1462B6EAF280024A016 /* Sources */,
				D0F7C1472B6EAF280024A016 /* Frameworks */,
				D0F7C1482B6EAF280024A016 /* Resources */,
			);
			buildRules = (
			);
			dependencies = (
			);
			name = "Food Calculus";
			packageProductDependencies = (
				D0F7C1892B7323670024A016 /* IQKeyboardManagerSwift */,
			);
			productName = "Food Calculus";
			productReference = D0F7C14A2B6EAF280024A016 /* Food Calculus.app */;
			productType = "com.apple.product-type.application";
		};
		D0F7C1622B6EAF290024A016 /* Food CalculusTests */ = {
			isa = PBXNativeTarget;
			buildConfigurationList = D0F7C17A2B6EAF290024A016 /* Build configuration list for PBXNativeTarget "Food CalculusTests" */;
			buildPhases = (
				D0F7C15F2B6EAF290024A016 /* Sources */,
				D0F7C1602B6EAF290024A016 /* Frameworks */,
				D0F7C1612B6EAF290024A016 /* Resources */,
			);
			buildRules = (
			);
			dependencies = (
				D0F7C1652B6EAF290024A016 /* PBXTargetDependency */,
			);
			name = "Food CalculusTests";
			productName = "Food CalculusTests";
			productReference = D0F7C1632B6EAF290024A016 /* Food CalculusTests.xctest */;
			productType = "com.apple.product-type.bundle.unit-test";
		};
		D0F7C16C2B6EAF290024A016 /* Food CalculusUITests */ = {
			isa = PBXNativeTarget;
			buildConfigurationList = D0F7C17D2B6EAF290024A016 /* Build configuration list for PBXNativeTarget "Food CalculusUITests" */;
			buildPhases = (
				D0F7C1692B6EAF290024A016 /* Sources */,
				D0F7C16A2B6EAF290024A016 /* Frameworks */,
				D0F7C16B2B6EAF290024A016 /* Resources */,
			);
			buildRules = (
			);
			dependencies = (
				D0F7C16F2B6EAF290024A016 /* PBXTargetDependency */,
			);
			name = "Food CalculusUITests";
			productName = "Food CalculusUITests";
			productReference = D0F7C16D2B6EAF290024A016 /* Food CalculusUITests.xctest */;
			productType = "com.apple.product-type.bundle.ui-testing";
		};
/* End PBXNativeTarget section */

/* Begin PBXProject section */
		D0F7C1422B6EAF280024A016 /* Project object */ = {
			isa = PBXProject;
			attributes = {
				BuildIndependentTargetsInParallel = 1;
				LastSwiftUpdateCheck = 1510;
				LastUpgradeCheck = 1510;
				TargetAttributes = {
					D0F7C1492B6EAF280024A016 = {
						CreatedOnToolsVersion = 15.1;
					};
					D0F7C1622B6EAF290024A016 = {
						CreatedOnToolsVersion = 15.1;
						TestTargetID = D0F7C1492B6EAF280024A016;
					};
					D0F7C16C2B6EAF290024A016 = {
						CreatedOnToolsVersion = 15.1;
						TestTargetID = D0F7C1492B6EAF280024A016;
					};
				};
			};
			buildConfigurationList = D0F7C1452B6EAF280024A016 /* Build configuration list for PBXProject "Food Calculus" */;
			compatibilityVersion = "Xcode 14.0";
			developmentRegion = en;
			hasScannedForEncodings = 0;
			knownRegions = (
				en,
				Base,
			);
			mainGroup = D0F7C1412B6EAF280024A016;
			packageReferences = (
				D0F7C1882B7323670024A016 /* XCRemoteSwiftPackageReference "IQKeyboardManager" */,
			);
			productRefGroup = D0F7C14B2B6EAF280024A016 /* Products */;
			projectDirPath = "";
			projectRoot = "";
			targets = (
				D0F7C1492B6EAF280024A016 /* Food Calculus */,
				D0F7C1622B6EAF290024A016 /* Food CalculusTests */,
				D0F7C16C2B6EAF290024A016 /* Food CalculusUITests */,
			);
		};
/* End PBXProject section */

/* Begin PBXResourcesBuildPhase section */
		D0F7C1482B6EAF280024A016 /* Resources */ = {
			isa = PBXResourcesBuildPhase;
			buildActionMask = 2147483647;
			files = (
				D0F7C15D2B6EAF290024A016 /* LaunchScreen.storyboard in Resources */,
				D0F7C15A2B6EAF290024A016 /* Assets.xcassets in Resources */,
			);
			runOnlyForDeploymentPostprocessing = 0;
		};
		D0F7C1612B6EAF290024A016 /* Resources */ = {
			isa = PBXResourcesBuildPhase;
			buildActionMask = 2147483647;
			files = (
			);
			runOnlyForDeploymentPostprocessing = 0;
		};
		D0F7C16B2B6EAF290024A016 /* Resources */ = {
			isa = PBXResourcesBuildPhase;
			buildActionMask = 2147483647;
			files = (
			);
			runOnlyForDeploymentPostprocessing = 0;
		};
/* End PBXResourcesBuildPhase section */

/* Begin PBXSourcesBuildPhase section */
		D0F7C1462B6EAF280024A016 /* Sources */ = {
			isa = PBXSourcesBuildPhase;
			buildActionMask = 2147483647;
			files = (
				D0B6EE4E2B7929FA00155B34 /* ItemCell.swift in Sources */,
				D0DD300C2B7DA9F300DA4F74 /* CategoryItem+CoreDataClass.swift in Sources */,
				D0DD300B2B7DA9F300DA4F74 /* RecordItem+CoreDataProperties.swift in Sources */,
				D0F7C1522B6EAF280024A016 /* CaterotyViewController.swift in Sources */,
				D0DD300A2B7DA9F300DA4F74 /* RecordItem+CoreDataClass.swift in Sources */,
				D0F7C1872B71C87A0024A016 /* DetailSheetViewController.swift in Sources */,
				D0F7C1852B70896E0024A016 /* ItemsViewController.swift in Sources */,
				D0F7C1582B6EAF280024A016 /* Food_Calculus.xcdatamodeld in Sources */,
				D0DD300D2B7DA9F300DA4F74 /* CategoryItem+CoreDataProperties.swift in Sources */,
				D0F7C14E2B6EAF280024A016 /* AppDelegate.swift in Sources */,
				D0F7C1502B6EAF280024A016 /* SceneDelegate.swift in Sources */,
				D0F7C1812B6F6AD60024A016 /* CategoryCell.swift in Sources */,
			);
			runOnlyForDeploymentPostprocessing = 0;
		};
		D0F7C15F2B6EAF290024A016 /* Sources */ = {
			isa = PBXSourcesBuildPhase;
			buildActionMask = 2147483647;
			files = (
				D0F7C1682B6EAF290024A016 /* Food_CalculusTests.swift in Sources */,
			);
			runOnlyForDeploymentPostprocessing = 0;
		};
		D0F7C1692B6EAF290024A016 /* Sources */ = {
			isa = PBXSourcesBuildPhase;
			buildActionMask = 2147483647;
			files = (
				D0F7C1742B6EAF290024A016 /* Food_CalculusUITestsLaunchTests.swift in Sources */,
				D0F7C1722B6EAF290024A016 /* Food_CalculusUITests.swift in Sources */,
			);
			runOnlyForDeploymentPostprocessing = 0;
		};
/* End PBXSourcesBuildPhase section */

/* Begin PBXTargetDependency section */
		D0F7C1652B6EAF290024A016 /* PBXTargetDependency */ = {
			isa = PBXTargetDependency;
			target = D0F7C1492B6EAF280024A016 /* Food Calculus */;
			targetProxy = D0F7C1642B6EAF290024A016 /* PBXContainerItemProxy */;
		};
		D0F7C16F2B6EAF290024A016 /* PBXTargetDependency */ = {
			isa = PBXTargetDependency;
			target = D0F7C1492B6EAF280024A016 /* Food Calculus */;
			targetProxy = D0F7C16E2B6EAF290024A016 /* PBXContainerItemProxy */;
		};
/* End PBXTargetDependency section */

/* Begin PBXVariantGroup section */
		D0F7C15B2B6EAF290024A016 /* LaunchScreen.storyboard */ = {
			isa = PBXVariantGroup;
			children = (
				D0F7C15C2B6EAF290024A016 /* Base */,
			);
			name = LaunchScreen.storyboard;
			sourceTree = "<group>";
		};
/* End PBXVariantGroup section */

/* Begin XCBuildConfiguration section */
		D0F7C1752B6EAF290024A016 /* Debug */ = {
			isa = XCBuildConfiguration;
			buildSettings = {
				ALWAYS_SEARCH_USER_PATHS = NO;
				ASSETCATALOG_COMPILER_GENERATE_SWIFT_ASSET_SYMBOL_EXTENSIONS = YES;
				CLANG_ANALYZER_NONNULL = YES;
				CLANG_ANALYZER_NUMBER_OBJECT_CONVERSION = YES_AGGRESSIVE;
				CLANG_CXX_LANGUAGE_STANDARD = "gnu++20";
				CLANG_ENABLE_MODULES = YES;
				CLANG_ENABLE_OBJC_ARC = YES;
				CLANG_ENABLE_OBJC_WEAK = YES;
				CLANG_WARN_BLOCK_CAPTURE_AUTORELEASING = YES;
				CLANG_WARN_BOOL_CONVERSION = YES;
				CLANG_WARN_COMMA = YES;
				CLANG_WARN_CONSTANT_CONVERSION = YES;
				CLANG_WARN_DEPRECATED_OBJC_IMPLEMENTATIONS = YES;
				CLANG_WARN_DIRECT_OBJC_ISA_USAGE = YES_ERROR;
				CLANG_WARN_DOCUMENTATION_COMMENTS = YES;
				CLANG_WARN_EMPTY_BODY = YES;
				CLANG_WARN_ENUM_CONVERSION = YES;
				CLANG_WARN_INFINITE_RECURSION = YES;
				CLANG_WARN_INT_CONVERSION = YES;
				CLANG_WARN_NON_LITERAL_NULL_CONVERSION = YES;
				CLANG_WARN_OBJC_IMPLICIT_RETAIN_SELF = YES;
				CLANG_WARN_OBJC_LITERAL_CONVERSION = YES;
				CLANG_WARN_OBJC_ROOT_CLASS = YES_ERROR;
				CLANG_WARN_QUOTED_INCLUDE_IN_FRAMEWORK_HEADER = YES;
				CLANG_WARN_RANGE_LOOP_ANALYSIS = YES;
				CLANG_WARN_STRICT_PROTOTYPES = YES;
				CLANG_WARN_SUSPICIOUS_MOVE = YES;
				CLANG_WARN_UNGUARDED_AVAILABILITY = YES_AGGRESSIVE;
				CLANG_WARN_UNREACHABLE_CODE = YES;
				CLANG_WARN__DUPLICATE_METHOD_MATCH = YES;
				COPY_PHASE_STRIP = NO;
				DEBUG_INFORMATION_FORMAT = dwarf;
				ENABLE_STRICT_OBJC_MSGSEND = YES;
				ENABLE_TESTABILITY = YES;
				ENABLE_USER_SCRIPT_SANDBOXING = YES;
				GCC_C_LANGUAGE_STANDARD = gnu17;
				GCC_DYNAMIC_NO_PIC = NO;
				GCC_NO_COMMON_BLOCKS = YES;
				GCC_OPTIMIZATION_LEVEL = 0;
				GCC_PREPROCESSOR_DEFINITIONS = (
					"DEBUG=1",
					"$(inherited)",
				);
				GCC_WARN_64_TO_32_BIT_CONVERSION = YES;
				GCC_WARN_ABOUT_RETURN_TYPE = YES_ERROR;
				GCC_WARN_UNDECLARED_SELECTOR = YES;
				GCC_WARN_UNINITIALIZED_AUTOS = YES_AGGRESSIVE;
				GCC_WARN_UNUSED_FUNCTION = YES;
				GCC_WARN_UNUSED_VARIABLE = YES;
				IPHONEOS_DEPLOYMENT_TARGET = 17.0;
				LOCALIZATION_PREFERS_STRING_CATALOGS = YES;
				MTL_ENABLE_DEBUG_INFO = INCLUDE_SOURCE;
				MTL_FAST_MATH = YES;
				ONLY_ACTIVE_ARCH = YES;
				SDKROOT = iphoneos;
				SWIFT_ACTIVE_COMPILATION_CONDITIONS = "DEBUG $(inherited)";
				SWIFT_OPTIMIZATION_LEVEL = "-Onone";
			};
			name = Debug;
		};
		D0F7C1762B6EAF290024A016 /* Release */ = {
			isa = XCBuildConfiguration;
			buildSettings = {
				ALWAYS_SEARCH_USER_PATHS = NO;
				ASSETCATALOG_COMPILER_GENERATE_SWIFT_ASSET_SYMBOL_EXTENSIONS = YES;
				CLANG_ANALYZER_NONNULL = YES;
				CLANG_ANALYZER_NUMBER_OBJECT_CONVERSION = YES_AGGRESSIVE;
				CLANG_CXX_LANGUAGE_STANDARD = "gnu++20";
				CLANG_ENABLE_MODULES = YES;
				CLANG_ENABLE_OBJC_ARC = YES;
				CLANG_ENABLE_OBJC_WEAK = YES;
				CLANG_WARN_BLOCK_CAPTURE_AUTORELEASING = YES;
				CLANG_WARN_BOOL_CONVERSION = YES;
				CLANG_WARN_COMMA = YES;
				CLANG_WARN_CONSTANT_CONVERSION = YES;
				CLANG_WARN_DEPRECATED_OBJC_IMPLEMENTATIONS = YES;
				CLANG_WARN_DIRECT_OBJC_ISA_USAGE = YES_ERROR;
				CLANG_WARN_DOCUMENTATION_COMMENTS = YES;
				CLANG_WARN_EMPTY_BODY = YES;
				CLANG_WARN_ENUM_CONVERSION = YES;
				CLANG_WARN_INFINITE_RECURSION = YES;
				CLANG_WARN_INT_CONVERSION = YES;
				CLANG_WARN_NON_LITERAL_NULL_CONVERSION = YES;
				CLANG_WARN_OBJC_IMPLICIT_RETAIN_SELF = YES;
				CLANG_WARN_OBJC_LITERAL_CONVERSION = YES;
				CLANG_WARN_OBJC_ROOT_CLASS = YES_ERROR;
				CLANG_WARN_QUOTED_INCLUDE_IN_FRAMEWORK_HEADER = YES;
				CLANG_WARN_RANGE_LOOP_ANALYSIS = YES;
				CLANG_WARN_STRICT_PROTOTYPES = YES;
				CLANG_WARN_SUSPICIOUS_MOVE = YES;
				CLANG_WARN_UNGUARDED_AVAILABILITY = YES_AGGRESSIVE;
				CLANG_WARN_UNREACHABLE_CODE = YES;
				CLANG_WARN__DUPLICATE_METHOD_MATCH = YES;
				COPY_PHASE_STRIP = NO;
				DEBUG_INFORMATION_FORMAT = "dwarf-with-dsym";
				ENABLE_NS_ASSERTIONS = NO;
				ENABLE_STRICT_OBJC_MSGSEND = YES;
				ENABLE_USER_SCRIPT_SANDBOXING = YES;
				GCC_C_LANGUAGE_STANDARD = gnu17;
				GCC_NO_COMMON_BLOCKS = YES;
				GCC_WARN_64_TO_32_BIT_CONVERSION = YES;
				GCC_WARN_ABOUT_RETURN_TYPE = YES_ERROR;
				GCC_WARN_UNDECLARED_SELECTOR = YES;
				GCC_WARN_UNINITIALIZED_AUTOS = YES_AGGRESSIVE;
				GCC_WARN_UNUSED_FUNCTION = YES;
				GCC_WARN_UNUSED_VARIABLE = YES;
				IPHONEOS_DEPLOYMENT_TARGET = 17.0;
				LOCALIZATION_PREFERS_STRING_CATALOGS = YES;
				MTL_ENABLE_DEBUG_INFO = NO;
				MTL_FAST_MATH = YES;
				SDKROOT = iphoneos;
				SWIFT_COMPILATION_MODE = wholemodule;
				VALIDATE_PRODUCT = YES;
			};
			name = Release;
		};
		D0F7C1782B6EAF290024A016 /* Debug */ = {
			isa = XCBuildConfiguration;
			buildSettings = {
				ASSETCATALOG_COMPILER_APPICON_NAME = AppIcon;
				ASSETCATALOG_COMPILER_GLOBAL_ACCENT_COLOR_NAME = AccentColor;
				CODE_SIGN_STYLE = Automatic;
				CURRENT_PROJECT_VERSION = 1;
				DEVELOPMENT_TEAM = ZT525LAF69;
				GENERATE_INFOPLIST_FILE = YES;
				INFOPLIST_FILE = "Food Calculus/Info.plist";
				INFOPLIST_KEY_UIApplicationSupportsIndirectInputEvents = YES;
				INFOPLIST_KEY_UILaunchStoryboardName = LaunchScreen;
				INFOPLIST_KEY_UISupportedInterfaceOrientations_iPad = "UIInterfaceOrientationPortrait UIInterfaceOrientationPortraitUpsideDown UIInterfaceOrientationLandscapeLeft UIInterfaceOrientationLandscapeRight";
				INFOPLIST_KEY_UISupportedInterfaceOrientations_iPhone = "UIInterfaceOrientationPortrait UIInterfaceOrientationLandscapeLeft UIInterfaceOrientationLandscapeRight";
				IPHONEOS_DEPLOYMENT_TARGET = 17.0;
				LD_RUNPATH_SEARCH_PATHS = (
					"$(inherited)",
					"@executable_path/Frameworks",
				);
				MARKETING_VERSION = 1.0;
				PRODUCT_BUNDLE_IDENTIFIER = "com.gmail.gromovitaly.Food-Calculus";
				PRODUCT_NAME = "$(TARGET_NAME)";
				SUPPORTED_PLATFORMS = "iphoneos iphonesimulator";
				SUPPORTS_MACCATALYST = NO;
				SUPPORTS_MAC_DESIGNED_FOR_IPHONE_IPAD = NO;
				SWIFT_EMIT_LOC_STRINGS = YES;
				SWIFT_VERSION = 5.0;
				TARGETED_DEVICE_FAMILY = 1;
			};
			name = Debug;
		};
		D0F7C1792B6EAF290024A016 /* Release */ = {
			isa = XCBuildConfiguration;
			buildSettings = {
				ASSETCATALOG_COMPILER_APPICON_NAME = AppIcon;
				ASSETCATALOG_COMPILER_GLOBAL_ACCENT_COLOR_NAME = AccentColor;
				CODE_SIGN_STYLE = Automatic;
				CURRENT_PROJECT_VERSION = 1;
				DEVELOPMENT_TEAM = ZT525LAF69;
				GENERATE_INFOPLIST_FILE = YES;
				INFOPLIST_FILE = "Food Calculus/Info.plist";
				INFOPLIST_KEY_UIApplicationSupportsIndirectInputEvents = YES;
				INFOPLIST_KEY_UILaunchStoryboardName = LaunchScreen;
				INFOPLIST_KEY_UISupportedInterfaceOrientations_iPad = "UIInterfaceOrientationPortrait UIInterfaceOrientationPortraitUpsideDown UIInterfaceOrientationLandscapeLeft UIInterfaceOrientationLandscapeRight";
				INFOPLIST_KEY_UISupportedInterfaceOrientations_iPhone = "UIInterfaceOrientationPortrait UIInterfaceOrientationLandscapeLeft UIInterfaceOrientationLandscapeRight";
				IPHONEOS_DEPLOYMENT_TARGET = 17.0;
				LD_RUNPATH_SEARCH_PATHS = (
					"$(inherited)",
					"@executable_path/Frameworks",
				);
				MARKETING_VERSION = 1.0;
				PRODUCT_BUNDLE_IDENTIFIER = "com.gmail.gromovitaly.Food-Calculus";
				PRODUCT_NAME = "$(TARGET_NAME)";
				SUPPORTED_PLATFORMS = "iphoneos iphonesimulator";
				SUPPORTS_MACCATALYST = NO;
				SUPPORTS_MAC_DESIGNED_FOR_IPHONE_IPAD = NO;
				SWIFT_EMIT_LOC_STRINGS = YES;
				SWIFT_VERSION = 5.0;
				TARGETED_DEVICE_FAMILY = 1;
			};
			name = Release;
		};
		D0F7C17B2B6EAF290024A016 /* Debug */ = {
			isa = XCBuildConfiguration;
			buildSettings = {
				ALWAYS_EMBED_SWIFT_STANDARD_LIBRARIES = YES;
				BUNDLE_LOADER = "$(TEST_HOST)";
				CODE_SIGN_STYLE = Automatic;
				CURRENT_PROJECT_VERSION = 1;
				DEVELOPMENT_TEAM = ZT525LAF69;
				GENERATE_INFOPLIST_FILE = YES;
				IPHONEOS_DEPLOYMENT_TARGET = 17.0;
				MARKETING_VERSION = 1.0;
				PRODUCT_BUNDLE_IDENTIFIER = "com.gmail.gromovitaly.Food-CalculusTests";
				PRODUCT_NAME = "$(TARGET_NAME)";
				SUPPORTED_PLATFORMS = "iphoneos iphonesimulator";
				SUPPORTS_MACCATALYST = NO;
				SUPPORTS_MAC_DESIGNED_FOR_IPHONE_IPAD = NO;
				SWIFT_EMIT_LOC_STRINGS = NO;
				SWIFT_VERSION = 5.0;
				TARGETED_DEVICE_FAMILY = 1;
				TEST_HOST = "$(BUILT_PRODUCTS_DIR)/Food Calculus.app/$(BUNDLE_EXECUTABLE_FOLDER_PATH)/Food Calculus";
			};
			name = Debug;
		};
		D0F7C17C2B6EAF290024A016 /* Release */ = {
			isa = XCBuildConfiguration;
			buildSettings = {
				ALWAYS_EMBED_SWIFT_STANDARD_LIBRARIES = YES;
				BUNDLE_LOADER = "$(TEST_HOST)";
				CODE_SIGN_STYLE = Automatic;
				CURRENT_PROJECT_VERSION = 1;
				DEVELOPMENT_TEAM = ZT525LAF69;
				GENERATE_INFOPLIST_FILE = YES;
				IPHONEOS_DEPLOYMENT_TARGET = 17.0;
				MARKETING_VERSION = 1.0;
				PRODUCT_BUNDLE_IDENTIFIER = "com.gmail.gromovitaly.Food-CalculusTests";
				PRODUCT_NAME = "$(TARGET_NAME)";
				SUPPORTED_PLATFORMS = "iphoneos iphonesimulator";
				SUPPORTS_MACCATALYST = NO;
				SUPPORTS_MAC_DESIGNED_FOR_IPHONE_IPAD = NO;
				SWIFT_EMIT_LOC_STRINGS = NO;
				SWIFT_VERSION = 5.0;
				TARGETED_DEVICE_FAMILY = 1;
				TEST_HOST = "$(BUILT_PRODUCTS_DIR)/Food Calculus.app/$(BUNDLE_EXECUTABLE_FOLDER_PATH)/Food Calculus";
			};
			name = Release;
		};
		D0F7C17E2B6EAF290024A016 /* Debug */ = {
			isa = XCBuildConfiguration;
			buildSettings = {
				ALWAYS_EMBED_SWIFT_STANDARD_LIBRARIES = YES;
				CODE_SIGN_STYLE = Automatic;
				CURRENT_PROJECT_VERSION = 1;
				DEVELOPMENT_TEAM = ZT525LAF69;
				GENERATE_INFOPLIST_FILE = YES;
				IPHONEOS_DEPLOYMENT_TARGET = 17.0;
				MARKETING_VERSION = 1.0;
				PRODUCT_BUNDLE_IDENTIFIER = "com.gmail.gromovitaly.Food-CalculusUITests";
				PRODUCT_NAME = "$(TARGET_NAME)";
				SUPPORTED_PLATFORMS = "iphoneos iphonesimulator";
				SUPPORTS_MACCATALYST = NO;
				SUPPORTS_MAC_DESIGNED_FOR_IPHONE_IPAD = NO;
				SWIFT_EMIT_LOC_STRINGS = NO;
				SWIFT_VERSION = 5.0;
				TARGETED_DEVICE_FAMILY = 1;
				TEST_TARGET_NAME = "Food Calculus";
			};
			name = Debug;
		};
		D0F7C17F2B6EAF290024A016 /* Release */ = {
			isa = XCBuildConfiguration;
			buildSettings = {
				ALWAYS_EMBED_SWIFT_STANDARD_LIBRARIES = YES;
				CODE_SIGN_STYLE = Automatic;
				CURRENT_PROJECT_VERSION = 1;
				DEVELOPMENT_TEAM = ZT525LAF69;
				GENERATE_INFOPLIST_FILE = YES;
				IPHONEOS_DEPLOYMENT_TARGET = 17.0;
				MARKETING_VERSION = 1.0;
				PRODUCT_BUNDLE_IDENTIFIER = "com.gmail.gromovitaly.Food-CalculusUITests";
				PRODUCT_NAME = "$(TARGET_NAME)";
				SUPPORTED_PLATFORMS = "iphoneos iphonesimulator";
				SUPPORTS_MACCATALYST = NO;
				SUPPORTS_MAC_DESIGNED_FOR_IPHONE_IPAD = NO;
				SWIFT_EMIT_LOC_STRINGS = NO;
				SWIFT_VERSION = 5.0;
				TARGETED_DEVICE_FAMILY = 1;
				TEST_TARGET_NAME = "Food Calculus";
			};
			name = Release;
		};
/* End XCBuildConfiguration section */

/* Begin XCConfigurationList section */
		D0F7C1452B6EAF280024A016 /* Build configuration list for PBXProject "Food Calculus" */ = {
			isa = XCConfigurationList;
			buildConfigurations = (
				D0F7C1752B6EAF290024A016 /* Debug */,
				D0F7C1762B6EAF290024A016 /* Release */,
			);
			defaultConfigurationIsVisible = 0;
			defaultConfigurationName = Release;
		};
		D0F7C1772B6EAF290024A016 /* Build configuration list for PBXNativeTarget "Food Calculus" */ = {
			isa = XCConfigurationList;
			buildConfigurations = (
				D0F7C1782B6EAF290024A016 /* Debug */,
				D0F7C1792B6EAF290024A016 /* Release */,
			);
			defaultConfigurationIsVisible = 0;
			defaultConfigurationName = Release;
		};
		D0F7C17A2B6EAF290024A016 /* Build configuration list for PBXNativeTarget "Food CalculusTests" */ = {
			isa = XCConfigurationList;
			buildConfigurations = (
				D0F7C17B2B6EAF290024A016 /* Debug */,
				D0F7C17C2B6EAF290024A016 /* Release */,
			);
			defaultConfigurationIsVisible = 0;
			defaultConfigurationName = Release;
		};
		D0F7C17D2B6EAF290024A016 /* Build configuration list for PBXNativeTarget "Food CalculusUITests" */ = {
			isa = XCConfigurationList;
			buildConfigurations = (
				D0F7C17E2B6EAF290024A016 /* Debug */,
				D0F7C17F2B6EAF290024A016 /* Release */,
			);
			defaultConfigurationIsVisible = 0;
			defaultConfigurationName = Release;
		};
/* End XCConfigurationList section */

/* Begin XCRemoteSwiftPackageReference section */
		D0F7C1882B7323670024A016 /* XCRemoteSwiftPackageReference "IQKeyboardManager" */ = {
			isa = XCRemoteSwiftPackageReference;
			repositoryURL = "https://github.com/hackiftekhar/IQKeyboardManager.git";
			requirement = {
				kind = upToNextMajorVersion;
				minimumVersion = 7.0.1;
			};
		};
/* End XCRemoteSwiftPackageReference section */

/* Begin XCSwiftPackageProductDependency section */
		D0F7C1892B7323670024A016 /* IQKeyboardManagerSwift */ = {
			isa = XCSwiftPackageProductDependency;
			package = D0F7C1882B7323670024A016 /* XCRemoteSwiftPackageReference "IQKeyboardManager" */;
			productName = IQKeyboardManagerSwift;
		};
/* End XCSwiftPackageProductDependency section */

/* Begin XCVersionGroup section */
		D0F7C1562B6EAF280024A016 /* Food_Calculus.xcdatamodeld */ = {
			isa = XCVersionGroup;
			children = (
				D0F7C1572B6EAF280024A016 /* Food_Calculus.xcdatamodel */,
			);
			currentVersion = D0F7C1572B6EAF280024A016 /* Food_Calculus.xcdatamodel */;
			path = Food_Calculus.xcdatamodeld;
			sourceTree = "<group>";
			versionGroupType = wrapper.xcdatamodel;
		};
/* End XCVersionGroup section */
	};
	rootObject = D0F7C1422B6EAF280024A016 /* Project object */;
}
